
Microsoft Visual Studio Solution File, Format Version 12.00
# Visual Studio 2013
VisualStudioVersion = 12.0.30501.0
MinimumVisualStudioVersion = 10.0.40219.1
Project("{2150E333-8FDC-42A3-9474-1A3956D46DE8}") = "Call And Response", "Call And Response", "{95D10958-D760-46BC-9722-285FED80C270}"
EndProject
Project("{D954291E-2A0B-460D-934E-DC6B0785DB48}") = "Call And Response.Shared", "Call And Response\Call And Response.Shared\Call And Response.Shared.shproj", "{8E917F85-948B-4317-BC46-49ED1AAC100A}"
EndProject
Project("{FAE04EC0-301F-11D3-BF4B-00C04F79EFBC}") = "Call And Response.Windows", "Call And Response\Call And Response.Windows\Call And Response.Windows.csproj", "{3A89EAEF-786C-4EE4-A05E-99239AC6F768}"
EndProject
Project("{FAE04EC0-301F-11D3-BF4B-00C04F79EFBC}") = "Call And Response.WindowsPhone", "Call And Response\Call And Response.WindowsPhone\Call And Response.WindowsPhone.csproj", "{274677AC-80F1-4578-AEEA-0D03C2EA1117}"
EndProject
Global
	GlobalSection(SharedMSBuildProjectFiles) = preSolution
		Call And Response\Call And Response.Shared\Shared.Application.Shared.projitems*{274677ac-80f1-4578-aeea-0d03c2ea1117}*SharedItemsImports = 4
		Call And Response\Call And Response.Shared\Shared.Application.Shared.projitems*{3a89eaef-786c-4ee4-a05e-99239ac6f768}*SharedItemsImports = 4
		Call And Response\Call And Response.Shared\Shared.Application.Shared.projitems*{8e917f85-948b-4317-bc46-49ed1aac100a}*SharedItemsImports = 13
	EndGlobalSection
	GlobalSection(SolutionConfigurationPlatforms) = preSolution
		Debug|Any CPU = Debug|Any CPU
		Debug|ARM = Debug|ARM
		Debug|x64 = Debug|x64
		Debug|x86 = Debug|x86
		Release|Any CPU = Release|Any CPU
		Release|ARM = Release|ARM
		Release|x64 = Release|x64
		Release|x86 = Release|x86
	EndGlobalSection
	GlobalSection(ProjectConfigurationPlatforms) = postSolution
		{3A89EAEF-786C-4EE4-A05E-99239AC6F768}.Debug|Any CPU.ActiveCfg = Debug|Any CPU
		{3A89EAEF-786C-4EE4-A05E-99239AC6F768}.Debug|Any CPU.Build.0 = Debug|Any CPU
		{3A89EAEF-786C-4EE4-A05E-99239AC6F768}.Debug|Any CPU.Deploy.0 = Debug|Any CPU
		{3A89EAEF-786C-4EE4-A05E-99239AC6F768}.Debug|ARM.ActiveCfg = Debug|ARM
		{3A89EAEF-786C-4EE4-A05E-99239AC6F768}.Debug|ARM.Build.0 = Debug|ARM
		{3A89EAEF-786C-4EE4-A05E-99239AC6F768}.Debug|ARM.Deploy.0 = Debug|ARM
		{3A89EAEF-786C-4EE4-A05E-99239AC6F768}.Debug|x64.ActiveCfg = Debug|x64
		{3A89EAEF-786C-4EE4-A05E-99239AC6F768}.Debug|x64.Build.0 = Debug|x64
		{3A89EAEF-786C-4EE4-A05E-99239AC6F768}.Debug|x64.Deploy.0 = Debug|x64
		{3A89EAEF-786C-4EE4-A05E-99239AC6F768}.Debug|x86.ActiveCfg = Debug|x86
		{3A89EAEF-786C-4EE4-A05E-99239AC6F768}.Debug|x86.Build.0 = Debug|x86
		{3A89EAEF-786C-4EE4-A05E-99239AC6F768}.Debug|x86.Deploy.0 = Debug|x86
		{3A89EAEF-786C-4EE4-A05E-99239AC6F768}.Release|Any CPU.ActiveCfg = Release|Any CPU
		{3A89EAEF-786C-4EE4-A05E-99239AC6F768}.Release|Any CPU.Build.0 = Release|Any CPU
		{3A89EAEF-786C-4EE4-A05E-99239AC6F768}.Release|Any CPU.Deploy.0 = Release|Any CPU
		{3A89EAEF-786C-4EE4-A05E-99239AC6F768}.Release|ARM.ActiveCfg = Release|ARM
		{3A89EAEF-786C-4EE4-A05E-99239AC6F768}.Release|ARM.Build.0 = Release|ARM
		{3A89EAEF-786C-4EE4-A05E-99239AC6F768}.Release|ARM.Deploy.0 = Release|ARM
		{3A89EAEF-786C-4EE4-A05E-99239AC6F768}.Release|x64.ActiveCfg = Release|x64
		{3A89EAEF-786C-4EE4-A05E-99239AC6F768}.Release|x64.Build.0 = Release|x64
		{3A89EAEF-786C-4EE4-A05E-99239AC6F768}.Release|x64.Deploy.0 = Release|x64
		{3A89EAEF-786C-4EE4-A05E-99239AC6F768}.Release|x86.ActiveCfg = Release|x86
		{3A89EAEF-786C-4EE4-A05E-99239AC6F768}.Release|x86.Build.0 = Release|x86
		{3A89EAEF-786C-4EE4-A05E-99239AC6F768}.Release|x86.Deploy.0 = Release|x86
		{274677AC-80F1-4578-AEEA-0D03C2EA1117}.Debug|Any CPU.ActiveCfg = Debug|Any CPU
		{274677AC-80F1-4578-AEEA-0D03C2EA1117}.Debug|Any CPU.Build.0 = Debug|Any CPU
		{274677AC-80F1-4578-AEEA-0D03C2EA1117}.Debug|Any CPU.Deploy.0 = Debug|Any CPU
		{274677AC-80F1-4578-AEEA-0D03C2EA1117}.Debug|ARM.ActiveCfg = Debug|ARM
		{274677AC-80F1-4578-AEEA-0D03C2EA1117}.Debug|ARM.Build.0 = Debug|ARM
		{274677AC-80F1-4578-AEEA-0D03C2EA1117}.Debug|ARM.Deploy.0 = Debug|ARM
		{274677AC-80F1-4578-AEEA-0D03C2EA1117}.Debug|x64.ActiveCfg = Debug|Any CPU
		{274677AC-80F1-4578-AEEA-0D03C2EA1117}.Debug|x86.ActiveCfg = Debug|x86
		{274677AC-80F1-4578-AEEA-0D03C2EA1117}.Debug|x86.Build.0 = Debug|x86
		{274677AC-80F1-4578-AEEA-0D03C2EA1117}.Debug|x86.Deploy.0 = Debug|x86
		{274677AC-80F1-4578-AEEA-0D03C2EA1117}.Release|Any CPU.ActiveCfg = Release|Any CPU
		{274677AC-80F1-4578-AEEA-0D03C2EA1117}.Release|Any CPU.Build.0 = Release|Any CPU
		{274677AC-80F1-4578-AEEA-0D03C2EA1117}.Release|Any CPU.Deploy.0 = Release|Any CPU
		{274677AC-80F1-4578-AEEA-0D03C2EA1117}.Release|ARM.ActiveCfg = Release|ARM
		{274677AC-80F1-4578-AEEA-0D03C2EA1117}.Release|ARM.Build.0 = Release|ARM
		{274677AC-80F1-4578-AEEA-0D03C2EA1117}.Release|ARM.Deploy.0 = Release|ARM
		{274677AC-80F1-4578-AEEA-0D03C2EA1117}.Release|x64.ActiveCfg = Release|Any CPU
		{274677AC-80F1-4578-AEEA-0D03C2EA1117}.Release|x86.ActiveCfg = Release|x86
		{274677AC-80F1-4578-AEEA-0D03C2EA1117}.Release|x86.Build.0 = Release|x86
		{274677AC-80F1-4578-AEEA-0D03C2EA1117}.Release|x86.Deploy.0 = Release|x86
	EndGlobalSection
	GlobalSection(SolutionProperties) = preSolution
		HideSolutionNode = FALSE
	EndGlobalSection
	GlobalSection(NestedProjects) = preSolution
		{8E917F85-948B-4317-BC46-49ED1AAC100A} = {95D10958-D760-46BC-9722-285FED80C270}
		{3A89EAEF-786C-4EE4-A05E-99239AC6F768} = {95D10958-D760-46BC-9722-285FED80C270}
		{274677AC-80F1-4578-AEEA-0D03C2EA1117} = {95D10958-D760-46BC-9722-285FED80C270}
	EndGlobalSection
EndGlobal
